// !$*UTF8*$!
{
	archiveVersion = 1;
	classes = {
	};
	objectVersion = 46;
	objects = {

/* Begin PBXBuildFile section */
		33280A1E1A7F4ADE00E04DDB /* main.m in Sources */ = {isa = PBXBuildFile; fileRef = 33280A1D1A7F4ADE00E04DDB /* main.m */; };
		33280A211A7F4ADE00E04DDB /* AppDelegate.m in Sources */ = {isa = PBXBuildFile; fileRef = 33280A201A7F4ADE00E04DDB /* AppDelegate.m */; };
		33280A241A7F4ADE00E04DDB /* ViewController.m in Sources */ = {isa = PBXBuildFile; fileRef = 33280A231A7F4ADE00E04DDB /* ViewController.m */; };
		33280A271A7F4ADE00E04DDB /* Main.storyboard in Resources */ = {isa = PBXBuildFile; fileRef = 33280A251A7F4ADE00E04DDB /* Main.storyboard */; };
		33280A291A7F4ADE00E04DDB /* Images.xcassets in Resources */ = {isa = PBXBuildFile; fileRef = 33280A281A7F4ADE00E04DDB /* Images.xcassets */; };
		33280A2C1A7F4ADE00E04DDB /* LaunchScreen.xib in Resources */ = {isa = PBXBuildFile; fileRef = 33280A2A1A7F4ADE00E04DDB /* LaunchScreen.xib */; };
		33280A381A7F4ADF00E04DDB /* DemoTests.m in Sources */ = {isa = PBXBuildFile; fileRef = 33280A371A7F4ADF00E04DDB /* DemoTests.m */; };
/* End PBXBuildFile section */

/* Begin PBXContainerItemProxy section */
		33280A321A7F4ADF00E04DDB /* PBXContainerItemProxy */ = {
			isa = PBXContainerItemProxy;
			containerPortal = 33280A101A7F4ADE00E04DDB /* Project object */;
			proxyType = 1;
			remoteGlobalIDString = 33280A171A7F4ADE00E04DDB;
			remoteInfo = Demo;
		};
/* End PBXContainerItemProxy section */

/* Begin PBXFileReference section */
		33280A181A7F4ADE00E04DDB /* Demo.app */ = {isa = PBXFileReference; explicitFileType = wrapper.application; includeInIndex = 0; path = Demo.app; sourceTree = BUILT_PRODUCTS_DIR; };
		33280A1C1A7F4ADE00E04DDB /* Info.plist */ = {isa = PBXFileReference; lastKnownFileType = text.plist.xml; path = Info.plist; sourceTree = "<group>"; };
		33280A1D1A7F4ADE00E04DDB /* main.m */ = {isa = PBXFileReference; lastKnownFileType = sourcecode.c.objc; path = main.m; sourceTree = "<group>"; };
		33280A1F1A7F4ADE00E04DDB /* AppDelegate.h */ = {isa = PBXFileReference; lastKnownFileType = sourcecode.c.h; path = AppDelegate.h; sourceTree = "<group>"; };
		33280A201A7F4ADE00E04DDB /* AppDelegate.m */ = {isa = PBXFileReference; lastKnownFileType = sourcecode.c.objc; path = AppDelegate.m; sourceTree = "<group>"; };
		33280A221A7F4ADE00E04DDB /* ViewController.h */ = {isa = PBXFileReference; lastKnownFileType = sourcecode.c.h; path = ViewController.h; sourceTree = "<group>"; };
		33280A231A7F4ADE00E04DDB /* ViewController.m */ = {isa = PBXFileReference; lastKnownFileType = sourcecode.c.objc; path = ViewController.m; sourceTree = "<group>"; };
		33280A261A7F4ADE00E04DDB /* Base */ = {isa = PBXFileReference; lastKnownFileType = file.storyboard; name = Base; path = Base.lproj/Main.storyboard; sourceTree = "<group>"; };
		33280A281A7F4ADE00E04DDB /* Images.xcassets */ = {isa = PBXFileReference; lastKnownFileType = folder.assetcatalog; path = Images.xcassets; sourceTree = "<group>"; };
		33280A2B1A7F4ADE00E04DDB /* Base */ = {isa = PBXFileReference; lastKnownFileType = file.xib; name = Base; path = Base.lproj/LaunchScreen.xib; sourceTree = "<group>"; };
		33280A311A7F4ADF00E04DDB /* DemoTests.xctest */ = {isa = PBXFileReference; explicitFileType = wrapper.cfbundle; includeInIndex = 0; path = DemoTests.xctest; sourceTree = BUILT_PRODUCTS_DIR; };
		33280A361A7F4ADF00E04DDB /* Info.plist */ = {isa = PBXFileReference; lastKnownFileType = text.plist.xml; path = Info.plist; sourceTree = "<group>"; };
		33280A371A7F4ADF00E04DDB /* DemoTests.m */ = {isa = PBXFileReference; lastKnownFileType = sourcecode.c.objc; path = DemoTests.m; sourceTree = "<group>"; };
/* End PBXFileReference section */

/* Begin PBXFrameworksBuildPhase section */
		33280A151A7F4ADE00E04DDB /* Frameworks */ = {
			isa = PBXFrameworksBuildPhase;
			buildActionMask = 2147483647;
			files = (
			);
			runOnlyForDeploymentPostprocessing = 0;
		};
		33280A2E1A7F4ADF00E04DDB /* Frameworks */ = {
			isa = PBXFrameworksBuildPhase;
			buildActionMask = 2147483647;
			files = (
			);
			runOnlyForDeploymentPostprocessing = 0;
		};
/* End PBXFrameworksBuildPhase section */

/* Begin PBXGroup section */
		33280A0F1A7F4ADE00E04DDB = {
			isa = PBXGroup;
			children = (
				33280A1A1A7F4ADE00E04DDB /* Demo */,
				33280A341A7F4ADF00E04DDB /* DemoTests */,
				33280A191A7F4ADE00E04DDB /* Products */,
			);
			sourceTree = "<group>";
		};
		33280A191A7F4ADE00E04DDB /* Products */ = {
			isa = PBXGroup;
			children = (
				33280A181A7F4ADE00E04DDB /* Demo.app */,
				33280A311A7F4ADF00E04DDB /* DemoTests.xctest */,
			);
			name = Products;
			sourceTree = "<group>";
		};
		33280A1A1A7F4ADE00E04DDB /* Demo */ = {
			isa = PBXGroup;
			children = (
				33280A1F1A7F4ADE00E04DDB /* AppDelegate.h */,
				33280A201A7F4ADE00E04DDB /* AppDelegate.m */,
				33280A221A7F4ADE00E04DDB /* ViewController.h */,
				33280A231A7F4ADE00E04DDB /* ViewController.m */,
				33280A251A7F4ADE00E04DDB /* Main.storyboard */,
				33280A281A7F4ADE00E04DDB /* Images.xcassets */,
				33280A2A1A7F4ADE00E04DDB /* LaunchScreen.xib */,
				33280A1B1A7F4ADE00E04DDB /* Supporting Files */,
			);
			path = Demo;
			sourceTree = "<group>";
		};
		33280A1B1A7F4ADE00E04DDB /* Supporting Files */ = {
			isa = PBXGroup;
			children = (
				33280A1C1A7F4ADE00E04DDB /* Info.plist */,
				33280A1D1A7F4ADE00E04DDB /* main.m */,
			);
			name = "Supporting Files";
			sourceTree = "<group>";
		};
		33280A341A7F4ADF00E04DDB /* DemoTests */ = {
			isa = PBXGroup;
			children = (
				33280A371A7F4ADF00E04DDB /* DemoTests.m */,
				33280A351A7F4ADF00E04DDB /* Supporting Files */,
			);
			path = DemoTests;
			sourceTree = "<group>";
		};
		33280A351A7F4ADF00E04DDB /* Supporting Files */ = {
			isa = PBXGroup;
			children = (
				33280A361A7F4ADF00E04DDB /* Info.plist */,
			);
			name = "Supporting Files";
			sourceTree = "<group>";
		};
/* End PBXGroup section */

/* Begin PBXNativeTarget section */
		33280A171A7F4ADE00E04DDB /* Demo */ = {
			isa = PBXNativeTarget;
			buildConfigurationList = 33280A3B1A7F4ADF00E04DDB /* Build configuration list for PBXNativeTarget "Demo" */;
			buildPhases = (
				33280A141A7F4ADE00E04DDB /* Sources */,
				33280A151A7F4ADE00E04DDB /* Frameworks */,
				33280A161A7F4ADE00E04DDB /* Resources */,
			);
			buildRules = (
			);
			dependencies = (
			);
			name = Demo;
			productName = Demo;
			productReference = 33280A181A7F4ADE00E04DDB /* Demo.app */;
			productType = "com.apple.product-type.application";
		};
		33280A301A7F4ADF00E04DDB /* DemoTests */ = {
			isa = PBXNativeTarget;
			buildConfigurationList = 33280A3E1A7F4ADF00E04DDB /* Build configuration list for PBXNativeTarget "DemoTests" */;
			buildPhases = (
				33280A2D1A7F4ADF00E04DDB /* Sources */,
				33280A2E1A7F4ADF00E04DDB /* Frameworks */,
				33280A2F1A7F4ADF00E04DDB /* Resources */,
			);
			buildRules = (
			);
			dependencies = (
				33280A331A7F4ADF00E04DDB /* PBXTargetDependency */,
			);
			name = DemoTests;
			productName = DemoTests;
			productReference = 33280A311A7F4ADF00E04DDB /* DemoTests.xctest */;
			productType = "com.apple.product-type.bundle.unit-test";
		};
/* End PBXNativeTarget section */

/* Begin PBXProject section */
		33280A101A7F4ADE00E04DDB /* Project object */ = {
			isa = PBXProject;
			attributes = {
				LastUpgradeCheck = 0610;
				ORGANIZATIONNAME = leijian;
				TargetAttributes = {
					33280A171A7F4ADE00E04DDB = {
						CreatedOnToolsVersion = 6.1;
					};
					33280A301A7F4ADF00E04DDB = {
						CreatedOnToolsVersion = 6.1;
						TestTargetID = 33280A171A7F4ADE00E04DDB;
					};
				};
			};
			buildConfigurationList = 33280A131A7F4ADE00E04DDB /* Build configuration list for PBXProject "Demo" */;
			compatibilityVersion = "Xcode 3.2";
			developmentRegion = English;
			hasScannedForEncodings = 0;
			knownRegions = (
				en,
				Base,
			);
			mainGroup = 33280A0F1A7F4ADE00E04DDB;
			productRefGroup = 33280A191A7F4ADE00E04DDB /* Products */;
			projectDirPath = "";
			projectRoot = "";
			targets = (
				33280A171A7F4ADE00E04DDB /* Demo */,
				33280A301A7F4ADF00E04DDB /* DemoTests */,
			);
		};
/* End PBXProject section */

/* Begin PBXResourcesBuildPhase section */
		33280A161A7F4ADE00E04DDB /* Resources */ = {
			isa = PBXResourcesBuildPhase;
			buildActionMask = 2147483647;
			files = (
				33280A271A7F4ADE00E04DDB /* Main.storyboard in Resources */,
				33280A2C1A7F4ADE00E04DDB /* LaunchScreen.xib in Resources */,
				33280A291A7F4ADE00E04DDB /* Images.xcassets in Resources */,
			);
			runOnlyForDeploymentPostprocessing = 0;
		};
		33280A2F1A7F4ADF00E04DDB /* Resources */ = {
			isa = PBXResourcesBuildPhase;
			buildActionMask = 2147483647;
			files = (
			);
			runOnlyForDeploymentPostprocessing = 0;
		};
/* End PBXResourcesBuildPhase section */

/* Begin PBXSourcesBuildPhase section */
		33280A141A7F4ADE00E04DDB /* Sources */ = {
			isa = PBXSourcesBuildPhase;
			buildActionMask = 2147483647;
			files = (
				33280A241A7F4ADE00E04DDB /* ViewController.m in Sources */,
				33280A211A7F4ADE00E04DDB /* AppDelegate.m in Sources */,
				33280A1E1A7F4ADE00E04DDB /* main.m in Sources */,
			);
			runOnlyForDeploymentPostprocessing = 0;
		};
		33280A2D1A7F4ADF00E04DDB /* Sources */ = {
			isa = PBXSourcesBuildPhase;
			buildActionMask = 2147483647;
			files = (
				33280A381A7F4ADF00E04DDB /* DemoTests.m in Sources */,
			);
			runOnlyForDeploymentPostprocessing = 0;
		};
/* End PBXSourcesBuildPhase section */

/* Begin PBXTargetDependency section */
		33280A331A7F4ADF00E04DDB /* PBXTargetDependency */ = {
			isa = PBXTargetDependency;
			target = 33280A171A7F4ADE00E04DDB /* Demo */;
			targetProxy = 33280A321A7F4ADF00E04DDB /* PBXContainerItemProxy */;
		};
/* End PBXTargetDependency section */

/* Begin PBXVariantGroup section */
		33280A251A7F4ADE00E04DDB /* Main.storyboard */ = {
			isa = PBXVariantGroup;
			children = (
				33280A261A7F4ADE00E04DDB /* Base */,
			);
			name = Main.storyboard;
			sourceTree = "<group>";
		};
		33280A2A1A7F4ADE00E04DDB /* LaunchScreen.xib */ = {
			isa = PBXVariantGroup;
			children = (
				33280A2B1A7F4ADE00E04DDB /* Base */,
			);
			name = LaunchScreen.xib;
			sourceTree = "<group>";
		};
/* End PBXVariantGroup section */

/* Begin XCBuildConfiguration section */
		33280A391A7F4ADF00E04DDB /* Debug */ = {
			isa = XCBuildConfiguration;
			buildSettings = {
				ALWAYS_SEARCH_USER_PATHS = NO;
				CLANG_CXX_LANGUAGE_STANDARD = "gnu++0x";
				CLANG_CXX_LIBRARY = "libc++";
				CLANG_ENABLE_MODULES = YES;
				CLANG_ENABLE_OBJC_ARC = YES;
				CLANG_WARN_BOOL_CONVERSION = YES;
				CLANG_WARN_CONSTANT_CONVERSION = YES;
				CLANG_WARN_DIRECT_OBJC_ISA_USAGE = YES_ERROR;
				CLANG_WARN_EMPTY_BODY = YES;
				CLANG_WARN_ENUM_CONVERSION = YES;
				CLANG_WARN_INT_CONVERSION = YES;
				CLANG_WARN_OBJC_ROOT_CLASS = YES_ERROR;
				CLANG_WARN_UNREACHABLE_CODE = YES;
				CLANG_WARN__DUPLICATE_METHOD_MATCH = YES;
				"CODE_SIGN_IDENTITY[sdk=iphoneos*]" = "iPhone Developer";
				COPY_PHASE_STRIP = NO;
				ENABLE_STRICT_OBJC_MSGSEND = YES;
				GCC_C_LANGUAGE_STANDARD = gnu99;
				GCC_DYNAMIC_NO_PIC = NO;
				GCC_OPTIMIZATION_LEVEL = 0;
				GCC_PREPROCESSOR_DEFINITIONS = (
					"DEBUG=1",
					"$(inherited)",
				);
				GCC_SYMBOLS_PRIVATE_EXTERN = NO;
				GCC_WARN_64_TO_32_BIT_CONVERSION = YES;
				GCC_WARN_ABOUT_RETURN_TYPE = YES_ERROR;
				GCC_WARN_UNDECLARED_SELECTOR = YES;
				GCC_WARN_UNINITIALIZED_AUTOS = YES_AGGRESSIVE;
				GCC_WARN_UNUSED_FUNCTION = YES;
				GCC_WARN_UNUSED_VARIABLE = YES;
				IPHONEOS_DEPLOYMENT_TARGET = 8.1;
				MTL_ENABLE_DEBUG_INFO = YES;
				ONLY_ACTIVE_ARCH = YES;
				SDKROOT = iphoneos;
			};
			name = Debug;
		};
		33280A3A1A7F4ADF00E04DDB /* Release */ = {
			isa = XCBuildConfiguration;
			buildSettings = {
				ALWAYS_SEARCH_USER_PATHS = NO;
				CLANG_CXX_LANGUAGE_STANDARD = "gnu++0x";
				CLANG_CXX_LIBRARY = "libc++";
				CLANG_ENABLE_MODULES = YES;
				CLANG_ENABLE_OBJC_ARC = YES;
				CLANG_WARN_BOOL_CONVERSION = YES;
				CLANG_WARN_CONSTANT_CONVERSION = YES;
				CLANG_WARN_DIRECT_OBJC_ISA_USAGE = YES_ERROR;
				CLANG_WARN_EMPTY_BODY = YES;
				CLANG_WARN_ENUM_CONVERSION = YES;
				CLANG_WARN_INT_CONVERSION = YES;
				CLANG_WARN_OBJC_ROOT_CLASS = YES_ERROR;
				CLANG_WARN_UNREACHABLE_CODE = YES;
				CLANG_WARN__DUPLICATE_METHOD_MATCH = YES;
				"CODE_SIGN_IDENTITY[sdk=iphoneos*]" = "iPhone Developer";
				COPY_PHASE_STRIP = YES;
				ENABLE_NS_ASSERTIONS = NO;
				ENABLE_STRICT_OBJC_MSGSEND = YES;
				GCC_C_LANGUAGE_STANDARD = gnu99;
				GCC_WARN_64_TO_32_BIT_CONVERSION = YES;
				GCC_WARN_ABOUT_RETURN_TYPE = YES_ERROR;
				GCC_WARN_UNDECLARED_SELECTOR = YES;
				GCC_WARN_UNINITIALIZED_AUTOS = YES_AGGRESSIVE;
				GCC_WARN_UNUSED_FUNCTION = YES;
				GCC_WARN_UNUSED_VARIABLE = YES;
				IPHONEOS_DEPLOYMENT_TARGET = 8.1;
				MTL_ENABLE_DEBUG_INFO = NO;
				SDKROOT = iphoneos;
				VALIDATE_PRODUCT = YES;
			};
			name = Release;
		};
		33280A3C1A7F4ADF00E04DDB /* Debug */ = {
			isa = XCBuildConfiguration;
			buildSettings = {
				ASSETCATALOG_COMPILER_APPICON_NAME = AppIcon;
				INFOPLIST_FILE = Demo/Info.plist;
				LD_RUNPATH_SEARCH_PATHS = "$(inherited) @executable_path/Frameworks";
				PRODUCT_NAME = "$(TARGET_NAME)";
			};
			name = Debug;
		};
		33280A3D1A7F4ADF00E04DDB /* Release */ = {
			isa = XCBuildConfiguration;
			buildSettings = {
				ASSETCATALOG_COMPILER_APPICON_NAME = AppIcon;
				INFOPLIST_FILE = Demo/Info.plist;
				LD_RUNPATH_SEARCH_PATHS = "$(inherited) @executable_path/Frameworks";
				PRODUCT_NAME = "$(TARGET_NAME)";
			};
			name = Release;
		};
		33280A3F1A7F4ADF00E04DDB /* Debug */ = {
			isa = XCBuildConfiguration;
			buildSettings = {
				BUNDLE_LOADER = "$(TEST_HOST)";
				FRAMEWORK_SEARCH_PATHS = (
					"$(SDKROOT)/Developer/Library/Frameworks",
					"$(inherited)",
				);
				GCC_PREPROCESSOR_DEFINITIONS = (
					"DEBUG=1",
					"$(inherited)",
				);
				INFOPLIST_FILE = DemoTests/Info.plist;
				LD_RUNPATH_SEARCH_PATHS = "$(inherited) @executable_path/Frameworks @loader_path/Frameworks";
				PRODUCT_NAME = "$(TARGET_NAME)";
				TEST_HOST = "$(BUILT_PRODUCTS_DIR)/Demo.app/Demo";
			};
			name = Debug;
		};
		33280A401A7F4ADF00E04DDB /* Release */ = {
			isa = XCBuildConfiguration;
			buildSettings = {
				BUNDLE_LOADER = "$(TEST_HOST)";
				FRAMEWORK_SEARCH_PATHS = (
					"$(SDKROOT)/Developer/Library/Frameworks",
					"$(inherited)",
				);
				INFOPLIST_FILE = DemoTests/Info.plist;
				LD_RUNPATH_SEARCH_PATHS = "$(inherited) @executable_path/Frameworks @loader_path/Frameworks";
				PRODUCT_NAME = "$(TARGET_NAME)";
				TEST_HOST = "$(BUILT_PRODUCTS_DIR)/Demo.app/Demo";
			};
			name = Release;
		};
/* End XCBuildConfiguration section */

/* Begin XCConfigurationList section */
		33280A131A7F4ADE00E04DDB /* Build configuration list for PBXProject "Demo" */ = {
			isa = XCConfigurationList;
			buildConfigurations = (
				33280A391A7F4ADF00E04DDB /* Debug */,
				33280A3A1A7F4ADF00E04DDB /* Release */,
			);
			defaultConfigurationIsVisible = 0;
			defaultConfigurationName = Release;
		};
		33280A3B1A7F4ADF00E04DDB /* Build configuration list for PBXNativeTarget "Demo" */ = {
			isa = XCConfigurationList;
			buildConfigurations = (
				33280A3C1A7F4ADF00E04DDB /* Debug */,
				33280A3D1A7F4ADF00E04DDB /* Release */,
			);
			defaultConfigurationIsVisible = 0;
		};
		33280A3E1A7F4ADF00E04DDB /* Build configuration list for PBXNativeTarget "DemoTests" */ = {
			isa = XCConfigurationList;
			buildConfigurations = (
				33280A3F1A7F4ADF00E04DDB /* Debug */,
				33280A401A7F4ADF00E04DDB /* Release */,
			);
			defaultConfigurationIsVisible = 0;
		};
/* End XCConfigurationList section */
	};
	rootObject = 33280A101A7F4ADE00E04DDB /* Project object */;
}
